
Microsoft Visual Studio Solution File, Format Version 12.00
# Visual Studio Version 16
VisualStudioVersion = 16.0.31729.503
MinimumVisualStudioVersion = 10.0.40219.1
Project("{9A19103F-16F7-4668-BE54-9A1E7A4F7556}") = "MicroserviceAPIWetter", "MicroserviceAPIWetter\MicroserviceAPIWetter.csproj", "{AC8A73B0-CC4F-4309-897D-A8643EAD4C33}"
EndProject
Global
	GlobalSection(SolutionConfigurationPlatforms) = preSolution
		Debug|Any CPU = Debug|Any CPU
		Release|Any CPU = Release|Any CPU
	EndGlobalSection
	GlobalSection(ProjectConfigurationPlatforms) = postSolution
		{AC8A73B0-CC4F-4309-897D-A8643EAD4C33}.Debug|Any CPU.ActiveCfg = Debug|Any CPU
		{AC8A73B0-CC4F-4309-897D-A8643EAD4C33}.Debug|Any CPU.Build.0 = Debug|Any CPU
		{AC8A73B0-CC4F-4309-897D-A8643EAD4C33}.Release|Any CPU.ActiveCfg = Release|Any CPU
		{AC8A73B0-CC4F-4309-897D-A8643EAD4C33}.Release|Any CPU.Build.0 = Release|Any CPU
	EndGlobalSection
	GlobalSection(SolutionProperties) = preSolution
		HideSolutionNode = FALSE
	EndGlobalSection
	GlobalSection(ExtensibilityGlobals) = postSolution
		SolutionGuid = {A82BDB48-DC88-41CE-93C6-62E8B9694FB3}
	EndGlobalSection
EndGlobal
